
Microsoft Visual Studio Solution File, Format Version 12.00
# Visual Studio Version 16
VisualStudioVersion = 16.0.29613.14
MinimumVisualStudioVersion = 10.0.40219.1
Project("{FAE04EC0-301F-11D3-BF4B-00C04F79EFBC}") = "SeedVoyageApp", "SeedVoyageApp\SeedVoyageApp.csproj", "{51AD453D-D79D-43E2-B424-99DA73604FEF}"
EndProject
Global
	GlobalSection(SolutionConfigurationPlatforms) = preSolution
		Debug|Any CPU = Debug|Any CPU
		Release|Any CPU = Release|Any CPU
	EndGlobalSection
	GlobalSection(ProjectConfigurationPlatforms) = postSolution
		{51AD453D-D79D-43E2-B424-99DA73604FEF}.Debug|Any CPU.ActiveCfg = Debug|Any CPU
		{51AD453D-D79D-43E2-B424-99DA73604FEF}.Debug|Any CPU.Build.0 = Debug|Any CPU
		{51AD453D-D79D-43E2-B424-99DA73604FEF}.Release|Any CPU.ActiveCfg = Release|Any CPU
		{51AD453D-D79D-43E2-B424-99DA73604FEF}.Release|Any CPU.Build.0 = Release|Any CPU
	EndGlobalSection
	GlobalSection(SolutionProperties) = preSolution
		HideSolutionNode = FALSE
	EndGlobalSection
	GlobalSection(ExtensibilityGlobals) = postSolution
		SolutionGuid = {7083053A-88D5-4122-B804-1A80B8674B3E}
	EndGlobalSection
EndGlobal
